
Microsoft Visual Studio Solution File, Format Version 12.00
# Visual Studio Version 16
VisualStudioVersion = 16.0.810.18
MinimumVisualStudioVersion = 10.0.40219.1
Project("{FAE04EC0-301F-11D3-BF4B-00C04F79EFBC}") = "Synonyms", "Synonyms\Synonyms.csproj", "{588E3755-0A4E-4AED-860B-2AFF00387C82}"
EndProject
Project("{FAE04EC0-301F-11D3-BF4B-00C04F79EFBC}") = "SynonymsTest", "SynonymsTest\SynonymsTest.csproj", "{E3A3EFAD-A5DD-4A3B-9532-7547E33FFD74}"
EndProject
Global
	GlobalSection(SolutionConfigurationPlatforms) = preSolution
		Debug|Any CPU = Debug|Any CPU
		Release|Any CPU = Release|Any CPU
	EndGlobalSection
	GlobalSection(ProjectConfigurationPlatforms) = postSolution
		{588E3755-0A4E-4AED-860B-2AFF00387C82}.Debug|Any CPU.ActiveCfg = Debug|Any CPU
		{588E3755-0A4E-4AED-860B-2AFF00387C82}.Debug|Any CPU.Build.0 = Debug|Any CPU
		{588E3755-0A4E-4AED-860B-2AFF00387C82}.Release|Any CPU.ActiveCfg = Release|Any CPU
		{588E3755-0A4E-4AED-860B-2AFF00387C82}.Release|Any CPU.Build.0 = Release|Any CPU
		{E3A3EFAD-A5DD-4A3B-9532-7547E33FFD74}.Debug|Any CPU.ActiveCfg = Debug|Any CPU
		{E3A3EFAD-A5DD-4A3B-9532-7547E33FFD74}.Debug|Any CPU.Build.0 = Debug|Any CPU
		{E3A3EFAD-A5DD-4A3B-9532-7547E33FFD74}.Release|Any CPU.ActiveCfg = Release|Any CPU
		{E3A3EFAD-A5DD-4A3B-9532-7547E33FFD74}.Release|Any CPU.Build.0 = Release|Any CPU
	EndGlobalSection
	GlobalSection(SolutionProperties) = preSolution
		HideSolutionNode = FALSE
	EndGlobalSection
	GlobalSection(ExtensibilityGlobals) = postSolution
		SolutionGuid = {848AEF6A-8BD2-4C2D-9201-D7C7AE4F41FA}
	EndGlobalSection
EndGlobal
